
Microsoft Visual Studio Solution File, Format Version 12.00
# Visual Studio 2012
Project("{FAE04EC0-301F-11D3-BF4B-00C04F79EFBC}") = "DictString", "DictString\DictString.csproj", "{F1088197-E894-46BF-9393-62A62A73B09D}"
EndProject
Project("{2150E333-8FDC-42A3-9474-1A3956D46DE8}") = "Solution Items", "Solution Items", "{EE4B4CC7-42DA-4EBB-9457-3CEE55919A6A}"
	ProjectSection(SolutionItems) = preProject
		Readme.md = Readme.md
	EndProjectSection
EndProject
Global
	GlobalSection(SolutionConfigurationPlatforms) = preSolution
		Debug|Any CPU = Debug|Any CPU
		Release|Any CPU = Release|Any CPU
	EndGlobalSection
	GlobalSection(ProjectConfigurationPlatforms) = postSolution
		{F1088197-E894-46BF-9393-62A62A73B09D}.Debug|Any CPU.ActiveCfg = Debug|Any CPU
		{F1088197-E894-46BF-9393-62A62A73B09D}.Debug|Any CPU.Build.0 = Debug|Any CPU
		{F1088197-E894-46BF-9393-62A62A73B09D}.Release|Any CPU.ActiveCfg = Release|Any CPU
		{F1088197-E894-46BF-9393-62A62A73B09D}.Release|Any CPU.Build.0 = Release|Any CPU
	EndGlobalSection
	GlobalSection(SolutionProperties) = preSolution
		HideSolutionNode = FALSE
	EndGlobalSection
EndGlobal
